
Microsoft Visual Studio Solution File, Format Version 12.00
# Visual Studio Version 16
VisualStudioVersion = 16.0.32228.343
MinimumVisualStudioVersion = 10.0.40219.1
Project("{FAE04EC0-301F-11D3-BF4B-00C04F79EFBC}") = "Devops task", "Devops task.csproj", "{CD47FA3D-75B1-4687-B480-4E127ED7F2B8}"
EndProject
Global
	GlobalSection(SolutionConfigurationPlatforms) = preSolution
		Debug|Any CPU = Debug|Any CPU
		Release|Any CPU = Release|Any CPU
	EndGlobalSection
	GlobalSection(ProjectConfigurationPlatforms) = postSolution
		{CD47FA3D-75B1-4687-B480-4E127ED7F2B8}.Debug|Any CPU.ActiveCfg = Debug|Any CPU
		{CD47FA3D-75B1-4687-B480-4E127ED7F2B8}.Debug|Any CPU.Build.0 = Debug|Any CPU
		{CD47FA3D-75B1-4687-B480-4E127ED7F2B8}.Release|Any CPU.ActiveCfg = Release|Any CPU
		{CD47FA3D-75B1-4687-B480-4E127ED7F2B8}.Release|Any CPU.Build.0 = Release|Any CPU
	EndGlobalSection
	GlobalSection(SolutionProperties) = preSolution
		HideSolutionNode = FALSE
	EndGlobalSection
	GlobalSection(ExtensibilityGlobals) = postSolution
		SolutionGuid = {8AAEF266-3457-47A5-95F4-895BCA00B504}
	EndGlobalSection
EndGlobal
